
Microsoft Visual Studio Solution File, Format Version 12.00
# Visual Studio Version 17
VisualStudioVersion = 17.6.33723.286
MinimumVisualStudioVersion = 10.0.40219.1
Project("{F184B08F-C81C-45F6-A57F-5ABD9991F28F}") = "Motion Desktop", "Motion Desktop\Motion Desktop.vbproj", "{ACB22D20-1F7F-4C42-BD8B-196DA73D6004}"
EndProject
Global
	GlobalSection(SolutionConfigurationPlatforms) = preSolution
		Debug|Any CPU = Debug|Any CPU
		Release|Any CPU = Release|Any CPU
	EndGlobalSection
	GlobalSection(ProjectConfigurationPlatforms) = postSolution
		{ACB22D20-1F7F-4C42-BD8B-196DA73D6004}.Debug|Any CPU.ActiveCfg = Debug|Any CPU
		{ACB22D20-1F7F-4C42-BD8B-196DA73D6004}.Debug|Any CPU.Build.0 = Debug|Any CPU
		{ACB22D20-1F7F-4C42-BD8B-196DA73D6004}.Release|Any CPU.ActiveCfg = Release|Any CPU
		{ACB22D20-1F7F-4C42-BD8B-196DA73D6004}.Release|Any CPU.Build.0 = Release|Any CPU
	EndGlobalSection
	GlobalSection(SolutionProperties) = preSolution
		HideSolutionNode = FALSE
	EndGlobalSection
	GlobalSection(ExtensibilityGlobals) = postSolution
		SolutionGuid = {2273AB8C-195B-4C1F-863E-BC3CBEA3C03F}
	EndGlobalSection
EndGlobal
